
Microsoft Visual Studio Solution File, Format Version 12.00
# Visual Studio Version 16
VisualStudioVersion = 16.0.32901.82
MinimumVisualStudioVersion = 10.0.40219.1
Project("{FAE04EC0-301F-11D3-BF4B-00C04F79EFBC}") = "Tema2-CalculadoraBasica", "Tema2-CalculadoraBasica\Tema2-CalculadoraBasica.csproj", "{F878AF6F-F3B7-47EE-8D36-B0C6043DE39B}"
EndProject
Global
	GlobalSection(SolutionConfigurationPlatforms) = preSolution
		Debug|Any CPU = Debug|Any CPU
		Release|Any CPU = Release|Any CPU
	EndGlobalSection
	GlobalSection(ProjectConfigurationPlatforms) = postSolution
		{F878AF6F-F3B7-47EE-8D36-B0C6043DE39B}.Debug|Any CPU.ActiveCfg = Debug|Any CPU
		{F878AF6F-F3B7-47EE-8D36-B0C6043DE39B}.Debug|Any CPU.Build.0 = Debug|Any CPU
		{F878AF6F-F3B7-47EE-8D36-B0C6043DE39B}.Release|Any CPU.ActiveCfg = Release|Any CPU
		{F878AF6F-F3B7-47EE-8D36-B0C6043DE39B}.Release|Any CPU.Build.0 = Release|Any CPU
	EndGlobalSection
	GlobalSection(SolutionProperties) = preSolution
		HideSolutionNode = FALSE
	EndGlobalSection
	GlobalSection(ExtensibilityGlobals) = postSolution
		SolutionGuid = {9A11DEF8-0501-47D2-95FB-4C6041127318}
	EndGlobalSection
EndGlobal
